
Microsoft Visual Studio Solution File, Format Version 12.00
# Visual Studio 14
VisualStudioVersion = 14.0.25420.1
MinimumVisualStudioVersion = 10.0.40219.1
Project("{FAE04EC0-301F-11D3-BF4B-00C04F79EFBC}") = "InsuranceWebAPI", "InsuranceWebAPI\InsuranceWebAPI.csproj", "{14C4B6FA-2D87-4121-B009-AB3D0D3485F9}"
EndProject
Project("{FAE04EC0-301F-11D3-BF4B-00C04F79EFBC}") = "InsuranceWeb", "InsuranceWeb\InsuranceWeb.csproj", "{C9F3FC4E-0B02-44A3-A09A-4C3753C13C50}"
EndProject
Global
	GlobalSection(SolutionConfigurationPlatforms) = preSolution
		Debug|Any CPU = Debug|Any CPU
		Release|Any CPU = Release|Any CPU
	EndGlobalSection
	GlobalSection(ProjectConfigurationPlatforms) = postSolution
		{14C4B6FA-2D87-4121-B009-AB3D0D3485F9}.Debug|Any CPU.ActiveCfg = Debug|Any CPU
		{14C4B6FA-2D87-4121-B009-AB3D0D3485F9}.Debug|Any CPU.Build.0 = Debug|Any CPU
		{14C4B6FA-2D87-4121-B009-AB3D0D3485F9}.Release|Any CPU.ActiveCfg = Release|Any CPU
		{14C4B6FA-2D87-4121-B009-AB3D0D3485F9}.Release|Any CPU.Build.0 = Release|Any CPU
		{C9F3FC4E-0B02-44A3-A09A-4C3753C13C50}.Debug|Any CPU.ActiveCfg = Debug|Any CPU
		{C9F3FC4E-0B02-44A3-A09A-4C3753C13C50}.Release|Any CPU.ActiveCfg = Release|Any CPU
		{C9F3FC4E-0B02-44A3-A09A-4C3753C13C50}.Release|Any CPU.Build.0 = Release|Any CPU
	EndGlobalSection
	GlobalSection(SolutionProperties) = preSolution
		HideSolutionNode = FALSE
	EndGlobalSection
EndGlobal
